// !$*UTF8*$!
{
	archiveVersion = 1;
	classes = {
	};
	objectVersion = 46;
	objects = {

/* Begin PBXBuildFile section */
		4B6A25651CF6F9F600478EAB /* main.m in Sources */ = {isa = PBXBuildFile; fileRef = 4B6A25641CF6F9F600478EAB /* main.m */; };
		4B6A25681CF6F9F600478EAB /* AppDelegate.m in Sources */ = {isa = PBXBuildFile; fileRef = 4B6A25671CF6F9F600478EAB /* AppDelegate.m */; };
		4B6A256A1CF6F9F600478EAB /* Assets.xcassets in Resources */ = {isa = PBXBuildFile; fileRef = 4B6A25691CF6F9F600478EAB /* Assets.xcassets */; };
		4B6A256D1CF6F9F600478EAB /* LaunchScreen.storyboard in Resources */ = {isa = PBXBuildFile; fileRef = 4B6A256B1CF6F9F600478EAB /* LaunchScreen.storyboard */; };
		4B6A25841CF6FA1100478EAB /* CusViewController.m in Sources */ = {isa = PBXBuildFile; fileRef = 4B6A25761CF6FA1100478EAB /* CusViewController.m */; };
		4B6A25851CF6FA1100478EAB /* CusViewController.xib in Resources */ = {isa = PBXBuildFile; fileRef = 4B6A25771CF6FA1100478EAB /* CusViewController.xib */; };
		4B6A25861CF6FA1100478EAB /* SysViewController.m in Sources */ = {isa = PBXBuildFile; fileRef = 4B6A25791CF6FA1100478EAB /* SysViewController.m */; };
		4B6A25871CF6FA1100478EAB /* SysViewController.xib in Resources */ = {isa = PBXBuildFile; fileRef = 4B6A257A1CF6FA1100478EAB /* SysViewController.xib */; };
		4B6A258A1CF6FA1100478EAB /* xh_navbar_back@2x.png in Resources */ = {isa = PBXBuildFile; fileRef = 4B6A25801CF6FA1100478EAB /* xh_navbar_back@2x.png */; };
		4B6A258B1CF6FA1100478EAB /* xh_navbar_back@3x.png in Resources */ = {isa = PBXBuildFile; fileRef = 4B6A25811CF6FA1100478EAB /* xh_navbar_back@3x.png */; };
		4B6A258C1CF6FA1100478EAB /* UIViewController+XHNavBar.m in Sources */ = {isa = PBXBuildFile; fileRef = 4B6A25831CF6FA1100478EAB /* UIViewController+XHNavBar.m */; };
/* End PBXBuildFile section */

/* Begin PBXFileReference section */
		4B6A25601CF6F9F500478EAB /* XHNavBarExample.app */ = {isa = PBXFileReference; explicitFileType = wrapper.application; includeInIndex = 0; path = XHNavBarExample.app; sourceTree = BUILT_PRODUCTS_DIR; };
		4B6A25641CF6F9F600478EAB /* main.m */ = {isa = PBXFileReference; lastKnownFileType = sourcecode.c.objc; path = main.m; sourceTree = "<group>"; };
		4B6A25661CF6F9F600478EAB /* AppDelegate.h */ = {isa = PBXFileReference; lastKnownFileType = sourcecode.c.h; path = AppDelegate.h; sourceTree = "<group>"; };
		4B6A25671CF6F9F600478EAB /* AppDelegate.m */ = {isa = PBXFileReference; lastKnownFileType = sourcecode.c.objc; path = AppDelegate.m; sourceTree = "<group>"; };
		4B6A25691CF6F9F600478EAB /* Assets.xcassets */ = {isa = PBXFileReference; lastKnownFileType = folder.assetcatalog; path = Assets.xcassets; sourceTree = "<group>"; };
		4B6A256C1CF6F9F600478EAB /* Base */ = {isa = PBXFileReference; lastKnownFileType = file.storyboard; name = Base; path = Base.lproj/LaunchScreen.storyboard; sourceTree = "<group>"; };
		4B6A256E1CF6F9F600478EAB /* Info.plist */ = {isa = PBXFileReference; lastKnownFileType = text.plist.xml; path = Info.plist; sourceTree = "<group>"; };
		4B6A25751CF6FA1100478EAB /* CusViewController.h */ = {isa = PBXFileReference; fileEncoding = 4; lastKnownFileType = sourcecode.c.h; path = CusViewController.h; sourceTree = "<group>"; };
		4B6A25761CF6FA1100478EAB /* CusViewController.m */ = {isa = PBXFileReference; fileEncoding = 4; lastKnownFileType = sourcecode.c.objc; path = CusViewController.m; sourceTree = "<group>"; };
		4B6A25771CF6FA1100478EAB /* CusViewController.xib */ = {isa = PBXFileReference; fileEncoding = 4; lastKnownFileType = file.xib; path = CusViewController.xib; sourceTree = "<group>"; };
		4B6A25781CF6FA1100478EAB /* SysViewController.h */ = {isa = PBXFileReference; fileEncoding = 4; lastKnownFileType = sourcecode.c.h; path = SysViewController.h; sourceTree = "<group>"; };
		4B6A25791CF6FA1100478EAB /* SysViewController.m */ = {isa = PBXFileReference; fileEncoding = 4; lastKnownFileType = sourcecode.c.objc; path = SysViewController.m; sourceTree = "<group>"; };
		4B6A257A1CF6FA1100478EAB /* SysViewController.xib */ = {isa = PBXFileReference; fileEncoding = 4; lastKnownFileType = file.xib; path = SysViewController.xib; sourceTree = "<group>"; };
		4B6A25801CF6FA1100478EAB /* xh_navbar_back@2x.png */ = {isa = PBXFileReference; lastKnownFileType = image.png; path = "xh_navbar_back@2x.png"; sourceTree = "<group>"; };
		4B6A25811CF6FA1100478EAB /* xh_navbar_back@3x.png */ = {isa = PBXFileReference; lastKnownFileType = image.png; path = "xh_navbar_back@3x.png"; sourceTree = "<group>"; };
		4B6A25821CF6FA1100478EAB /* UIViewController+XHNavBar.h */ = {isa = PBXFileReference; fileEncoding = 4; lastKnownFileType = sourcecode.c.h; path = "UIViewController+XHNavBar.h"; sourceTree = "<group>"; };
		4B6A25831CF6FA1100478EAB /* UIViewController+XHNavBar.m */ = {isa = PBXFileReference; fileEncoding = 4; lastKnownFileType = sourcecode.c.objc; path = "UIViewController+XHNavBar.m"; sourceTree = "<group>"; };
/* End PBXFileReference section */

/* Begin PBXFrameworksBuildPhase section */
		4B6A255D1CF6F9F500478EAB /* Frameworks */ = {
			isa = PBXFrameworksBuildPhase;
			buildActionMask = 2147483647;
			files = (
			);
			runOnlyForDeploymentPostprocessing = 0;
		};
/* End PBXFrameworksBuildPhase section */

/* Begin PBXGroup section */
		4B6A25571CF6F9F500478EAB = {
			isa = PBXGroup;
			children = (
				4B6A25741CF6FA1100478EAB /* Class */,
				4B6A257E1CF6FA1100478EAB /* XHNavBar */,
				4B6A25621CF6F9F600478EAB /* XHNavBarExample */,
				4B6A25611CF6F9F500478EAB /* Products */,
			);
			sourceTree = "<group>";
		};
		4B6A25611CF6F9F500478EAB /* Products */ = {
			isa = PBXGroup;
			children = (
				4B6A25601CF6F9F500478EAB /* XHNavBarExample.app */,
			);
			name = Products;
			sourceTree = "<group>";
		};
		4B6A25621CF6F9F600478EAB /* XHNavBarExample */ = {
			isa = PBXGroup;
			children = (
				4B6A25661CF6F9F600478EAB /* AppDelegate.h */,
				4B6A25671CF6F9F600478EAB /* AppDelegate.m */,
				4B6A25691CF6F9F600478EAB /* Assets.xcassets */,
				4B6A256B1CF6F9F600478EAB /* LaunchScreen.storyboard */,
				4B6A256E1CF6F9F600478EAB /* Info.plist */,
				4B6A25631CF6F9F600478EAB /* Supporting Files */,
			);
			path = XHNavBarExample;
			sourceTree = "<group>";
		};
		4B6A25631CF6F9F600478EAB /* Supporting Files */ = {
			isa = PBXGroup;
			children = (
				4B6A25641CF6F9F600478EAB /* main.m */,
			);
			name = "Supporting Files";
			sourceTree = "<group>";
		};
		4B6A25741CF6FA1100478EAB /* Class */ = {
			isa = PBXGroup;
			children = (
				4B6A25751CF6FA1100478EAB /* CusViewController.h */,
				4B6A25761CF6FA1100478EAB /* CusViewController.m */,
				4B6A25771CF6FA1100478EAB /* CusViewController.xib */,
				4B6A25781CF6FA1100478EAB /* SysViewController.h */,
				4B6A25791CF6FA1100478EAB /* SysViewController.m */,
				4B6A257A1CF6FA1100478EAB /* SysViewController.xib */,
			);
			path = Class;
			sourceTree = "<group>";
		};
		4B6A257E1CF6FA1100478EAB /* XHNavBar */ = {
			isa = PBXGroup;
			children = (
				4B6A257F1CF6FA1100478EAB /* Resource */,
				4B6A25821CF6FA1100478EAB /* UIViewController+XHNavBar.h */,
				4B6A25831CF6FA1100478EAB /* UIViewController+XHNavBar.m */,
			);
			path = XHNavBar;
			sourceTree = "<group>";
		};
		4B6A257F1CF6FA1100478EAB /* Resource */ = {
			isa = PBXGroup;
			children = (
				4B6A25801CF6FA1100478EAB /* xh_navbar_back@2x.png */,
				4B6A25811CF6FA1100478EAB /* xh_navbar_back@3x.png */,
			);
			path = Resource;
			sourceTree = "<group>";
		};
/* End PBXGroup section */

/* Begin PBXNativeTarget section */
		4B6A255F1CF6F9F500478EAB /* XHNavBarExample */ = {
			isa = PBXNativeTarget;
			buildConfigurationList = 4B6A25711CF6F9F600478EAB /* Build configuration list for PBXNativeTarget "XHNavBarExample" */;
			buildPhases = (
				4B6A255C1CF6F9F500478EAB /* Sources */,
				4B6A255D1CF6F9F500478EAB /* Frameworks */,
				4B6A255E1CF6F9F500478EAB /* Resources */,
			);
			buildRules = (
			);
			dependencies = (
			);
			name = XHNavBarExample;
			productName = XHNavBarExample;
			productReference = 4B6A25601CF6F9F500478EAB /* XHNavBarExample.app */;
			productType = "com.apple.product-type.application";
		};
/* End PBXNativeTarget section */

/* Begin PBXProject section */
		4B6A25581CF6F9F500478EAB /* Project object */ = {
			isa = PBXProject;
			attributes = {
				LastUpgradeCheck = 0730;
				ORGANIZATIONNAME = qiantou;
				TargetAttributes = {
					4B6A255F1CF6F9F500478EAB = {
						CreatedOnToolsVersion = 7.3.1;
					};
				};
			};
			buildConfigurationList = 4B6A255B1CF6F9F500478EAB /* Build configuration list for PBXProject "XHNavBarExample" */;
			compatibilityVersion = "Xcode 3.2";
			developmentRegion = English;
			hasScannedForEncodings = 0;
			knownRegions = (
				en,
				Base,
			);
			mainGroup = 4B6A25571CF6F9F500478EAB;
			productRefGroup = 4B6A25611CF6F9F500478EAB /* Products */;
			projectDirPath = "";
			projectRoot = "";
			targets = (
				4B6A255F1CF6F9F500478EAB /* XHNavBarExample */,
			);
		};
/* End PBXProject section */

/* Begin PBXResourcesBuildPhase section */
		4B6A255E1CF6F9F500478EAB /* Resources */ = {
			isa = PBXResourcesBuildPhase;
			buildActionMask = 2147483647;
			files = (
				4B6A25871CF6FA1100478EAB /* SysViewController.xib in Resources */,
				4B6A256A1CF6F9F600478EAB /* Assets.xcassets in Resources */,
				4B6A258A1CF6FA1100478EAB /* xh_navbar_back@2x.png in Resources */,
				4B6A25851CF6FA1100478EAB /* CusViewController.xib in Resources */,
				4B6A258B1CF6FA1100478EAB /* xh_navbar_back@3x.png in Resources */,
				4B6A256D1CF6F9F600478EAB /* LaunchScreen.storyboard in Resources */,
			);
			runOnlyForDeploymentPostprocessing = 0;
		};
/* End PBXResourcesBuildPhase section */

/* Begin PBXSourcesBuildPhase section */
		4B6A255C1CF6F9F500478EAB /* Sources */ = {
			isa = PBXSourcesBuildPhase;
			buildActionMask = 2147483647;
			files = (
				4B6A25861CF6FA1100478EAB /* SysViewController.m in Sources */,
				4B6A25681CF6F9F600478EAB /* AppDelegate.m in Sources */,
				4B6A25841CF6FA1100478EAB /* CusViewController.m in Sources */,
				4B6A25651CF6F9F600478EAB /* main.m in Sources */,
				4B6A258C1CF6FA1100478EAB /* UIViewController+XHNavBar.m in Sources */,
			);
			runOnlyForDeploymentPostprocessing = 0;
		};
/* End PBXSourcesBuildPhase section */

/* Begin PBXVariantGroup section */
		4B6A256B1CF6F9F600478EAB /* LaunchScreen.storyboard */ = {
			isa = PBXVariantGroup;
			children = (
				4B6A256C1CF6F9F600478EAB /* Base */,
			);
			name = LaunchScreen.storyboard;
			sourceTree = "<group>";
		};
/* End PBXVariantGroup section */

/* Begin XCBuildConfiguration section */
		4B6A256F1CF6F9F600478EAB /* Debug */ = {
			isa = XCBuildConfiguration;
			buildSettings = {
				ALWAYS_SEARCH_USER_PATHS = NO;
				CLANG_ANALYZER_NONNULL = YES;
				CLANG_CXX_LANGUAGE_STANDARD = "gnu++0x";
				CLANG_CXX_LIBRARY = "libc++";
				CLANG_ENABLE_MODULES = YES;
				CLANG_ENABLE_OBJC_ARC = YES;
				CLANG_WARN_BOOL_CONVERSION = YES;
				CLANG_WARN_CONSTANT_CONVERSION = YES;
				CLANG_WARN_DIRECT_OBJC_ISA_USAGE = YES_ERROR;
				CLANG_WARN_EMPTY_BODY = YES;
				CLANG_WARN_ENUM_CONVERSION = YES;
				CLANG_WARN_INT_CONVERSION = YES;
				CLANG_WARN_OBJC_ROOT_CLASS = YES_ERROR;
				CLANG_WARN_UNREACHABLE_CODE = YES;
				CLANG_WARN__DUPLICATE_METHOD_MATCH = YES;
				"CODE_SIGN_IDENTITY[sdk=iphoneos*]" = "iPhone Developer";
				COPY_PHASE_STRIP = NO;
				DEBUG_INFORMATION_FORMAT = dwarf;
				ENABLE_STRICT_OBJC_MSGSEND = YES;
				ENABLE_TESTABILITY = YES;
				GCC_C_LANGUAGE_STANDARD = gnu99;
				GCC_DYNAMIC_NO_PIC = NO;
				GCC_NO_COMMON_BLOCKS = YES;
				GCC_OPTIMIZATION_LEVEL = 0;
				GCC_PREPROCESSOR_DEFINITIONS = (
					"DEBUG=1",
					"$(inherited)",
				);
				GCC_WARN_64_TO_32_BIT_CONVERSION = YES;
				GCC_WARN_ABOUT_RETURN_TYPE = YES_ERROR;
				GCC_WARN_UNDECLARED_SELECTOR = YES;
				GCC_WARN_UNINITIALIZED_AUTOS = YES_AGGRESSIVE;
				GCC_WARN_UNUSED_FUNCTION = YES;
				GCC_WARN_UNUSED_VARIABLE = YES;
				IPHONEOS_DEPLOYMENT_TARGET = 7.0;
				MTL_ENABLE_DEBUG_INFO = YES;
				ONLY_ACTIVE_ARCH = YES;
				SDKROOT = iphoneos;
			};
			name = Debug;
		};
		4B6A25701CF6F9F600478EAB /* Release */ = {
			isa = XCBuildConfiguration;
			buildSettings = {
				ALWAYS_SEARCH_USER_PATHS = NO;
				CLANG_ANALYZER_NONNULL = YES;
				CLANG_CXX_LANGUAGE_STANDARD = "gnu++0x";
				CLANG_CXX_LIBRARY = "libc++";
				CLANG_ENABLE_MODULES = YES;
				CLANG_ENABLE_OBJC_ARC = YES;
				CLANG_WARN_BOOL_CONVERSION = YES;
				CLANG_WARN_CONSTANT_CONVERSION = YES;
				CLANG_WARN_DIRECT_OBJC_ISA_USAGE = YES_ERROR;
				CLANG_WARN_EMPTY_BODY = YES;
				CLANG_WARN_ENUM_CONVERSION = YES;
				CLANG_WARN_INT_CONVERSION = YES;
				CLANG_WARN_OBJC_ROOT_CLASS = YES_ERROR;
				CLANG_WARN_UNREACHABLE_CODE = YES;
				CLANG_WARN__DUPLICATE_METHOD_MATCH = YES;
				"CODE_SIGN_IDENTITY[sdk=iphoneos*]" = "iPhone Developer";
				COPY_PHASE_STRIP = NO;
				DEBUG_INFORMATION_FORMAT = "dwarf-with-dsym";
				ENABLE_NS_ASSERTIONS = NO;
				ENABLE_STRICT_OBJC_MSGSEND = YES;
				GCC_C_LANGUAGE_STANDARD = gnu99;
				GCC_NO_COMMON_BLOCKS = YES;
				GCC_WARN_64_TO_32_BIT_CONVERSION = YES;
				GCC_WARN_ABOUT_RETURN_TYPE = YES_ERROR;
				GCC_WARN_UNDECLARED_SELECTOR = YES;
				GCC_WARN_UNINITIALIZED_AUTOS = YES_AGGRESSIVE;
				GCC_WARN_UNUSED_FUNCTION = YES;
				GCC_WARN_UNUSED_VARIABLE = YES;
				IPHONEOS_DEPLOYMENT_TARGET = 7.0;
				MTL_ENABLE_DEBUG_INFO = NO;
				SDKROOT = iphoneos;
				VALIDATE_PRODUCT = YES;
			};
			name = Release;
		};
		4B6A25721CF6F9F600478EAB /* Debug */ = {
			isa = XCBuildConfiguration;
			buildSettings = {
				ASSETCATALOG_COMPILER_APPICON_NAME = AppIcon;
				INFOPLIST_FILE = XHNavBarExample/Info.plist;
				LD_RUNPATH_SEARCH_PATHS = "$(inherited) @executable_path/Frameworks";
				PRODUCT_BUNDLE_IDENTIFIER = qiantou.XHNavBarExample;
				PRODUCT_NAME = "$(TARGET_NAME)";
			};
			name = Debug;
		};
		4B6A25731CF6F9F600478EAB /* Release */ = {
			isa = XCBuildConfiguration;
			buildSettings = {
				ASSETCATALOG_COMPILER_APPICON_NAME = AppIcon;
				INFOPLIST_FILE = XHNavBarExample/Info.plist;
				LD_RUNPATH_SEARCH_PATHS = "$(inherited) @executable_path/Frameworks";
				PRODUCT_BUNDLE_IDENTIFIER = qiantou.XHNavBarExample;
				PRODUCT_NAME = "$(TARGET_NAME)";
			};
			name = Release;
		};
/* End XCBuildConfiguration section */

/* Begin XCConfigurationList section */
		4B6A255B1CF6F9F500478EAB /* Build configuration list for PBXProject "XHNavBarExample" */ = {
			isa = XCConfigurationList;
			buildConfigurations = (
				4B6A256F1CF6F9F600478EAB /* Debug */,
				4B6A25701CF6F9F600478EAB /* Release */,
			);
			defaultConfigurationIsVisible = 0;
			defaultConfigurationName = Release;
		};
		4B6A25711CF6F9F600478EAB /* Build configuration list for PBXNativeTarget "XHNavBarExample" */ = {
			isa = XCConfigurationList;
			buildConfigurations = (
				4B6A25721CF6F9F600478EAB /* Debug */,
				4B6A25731CF6F9F600478EAB /* Release */,
			);
			defaultConfigurationIsVisible = 0;
		};
/* End XCConfigurationList section */
	};
	rootObject = 4B6A25581CF6F9F500478EAB /* Project object */;
}
